// !$*UTF8*$!
{
	archiveVersion = 1;
	classes = {
	};
	objectVersion = 46;
	objects = {

/* Begin PBXBuildFile section */
		220F631C178FCB7C00D89FF0 /* Photo.m in Sources */ = {isa = PBXBuildFile; fileRef = 220F631B178FCB7C00D89FF0 /* Photo.m */; };
		220F631F178FCB8800D89FF0 /* Place.m in Sources */ = {isa = PBXBuildFile; fileRef = 220F631E178FCB8800D89FF0 /* Place.m */; };
		220F633A178FCDAD00D89FF0 /* SBJsonParser.m in Sources */ = {isa = PBXBuildFile; fileRef = 220F6325178FCD6900D89FF0 /* SBJsonParser.m */; };
		220F633B178FCDCE00D89FF0 /* NSObject+SBJson.m in Sources */ = {isa = PBXBuildFile; fileRef = 220F6322178FCD6900D89FF0 /* NSObject+SBJson.m */; };
		220F633C178FCDD100D89FF0 /* SBJsonStreamParser.m in Sources */ = {isa = PBXBuildFile; fileRef = 220F6327178FCD6900D89FF0 /* SBJsonStreamParser.m */; };
		220F633D178FCDD200D89FF0 /* SBJsonStreamParserAccumulator.m in Sources */ = {isa = PBXBuildFile; fileRef = 220F6329178FCD6900D89FF0 /* SBJsonStreamParserAccumulator.m */; };
		220F633E178FCDD300D89FF0 /* SBJsonStreamParserAdapter.m in Sources */ = {isa = PBXBuildFile; fileRef = 220F632B178FCD6900D89FF0 /* SBJsonStreamParserAdapter.m */; };
		220F633F178FCDD400D89FF0 /* SBJsonStreamParserState.m in Sources */ = {isa = PBXBuildFile; fileRef = 220F632D178FCD6900D89FF0 /* SBJsonStreamParserState.m */; };
		220F6340178FCDD500D89FF0 /* SBJsonStreamWriter.m in Sources */ = {isa = PBXBuildFile; fileRef = 220F632F178FCD6900D89FF0 /* SBJsonStreamWriter.m */; };
		220F6341178FCDD600D89FF0 /* SBJsonStreamWriterAccumulator.m in Sources */ = {isa = PBXBuildFile; fileRef = 220F6331178FCD6900D89FF0 /* SBJsonStreamWriterAccumulator.m */; };
		220F6342178FCDD700D89FF0 /* SBJsonStreamWriterState.m in Sources */ = {isa = PBXBuildFile; fileRef = 220F6333178FCD6900D89FF0 /* SBJsonStreamWriterState.m */; };
		220F6343178FCDD800D89FF0 /* SBJsonTokeniser.m in Sources */ = {isa = PBXBuildFile; fileRef = 220F6335178FCD6900D89FF0 /* SBJsonTokeniser.m */; };
		220F6344178FCDDA00D89FF0 /* SBJsonUTF8Stream.m in Sources */ = {isa = PBXBuildFile; fileRef = 220F6337178FCD6900D89FF0 /* SBJsonUTF8Stream.m */; };
		220F6345178FCDDB00D89FF0 /* SBJsonWriter.m in Sources */ = {isa = PBXBuildFile; fileRef = 220F6339178FCD6900D89FF0 /* SBJsonWriter.m */; };
		220F6347178FD51F00D89FF0 /* CoreLocation.framework in Frameworks */ = {isa = PBXBuildFile; fileRef = 220F6346178FD51F00D89FF0 /* CoreLocation.framework */; };
		220F634A178FDB3D00D89FF0 /* Venue.m in Sources */ = {isa = PBXBuildFile; fileRef = 220F6349178FDB3D00D89FF0 /* Venue.m */; };
		220F634E178FEC5A00D89FF0 /* Queue.m in Sources */ = {isa = PBXBuildFile; fileRef = 220F634D178FEC5A00D89FF0 /* Queue.m */; };
		22ADC9AA178D1AA800FFDA32 /* UIKit.framework in Frameworks */ = {isa = PBXBuildFile; fileRef = 22ADC9A9178D1AA800FFDA32 /* UIKit.framework */; };
		22ADC9AC178D1AA800FFDA32 /* Foundation.framework in Frameworks */ = {isa = PBXBuildFile; fileRef = 22ADC9AB178D1AA800FFDA32 /* Foundation.framework */; };
		22ADC9AE178D1AA800FFDA32 /* CoreGraphics.framework in Frameworks */ = {isa = PBXBuildFile; fileRef = 22ADC9AD178D1AA800FFDA32 /* CoreGraphics.framework */; };
		22ADC9B4178D1AA800FFDA32 /* InfoPlist.strings in Resources */ = {isa = PBXBuildFile; fileRef = 22ADC9B2178D1AA800FFDA32 /* InfoPlist.strings */; };
		22ADC9B6178D1AA800FFDA32 /* main.m in Sources */ = {isa = PBXBuildFile; fileRef = 22ADC9B5178D1AA800FFDA32 /* main.m */; };
		22ADC9BA178D1AA800FFDA32 /* AppDelegate.m in Sources */ = {isa = PBXBuildFile; fileRef = 22ADC9B9178D1AA800FFDA32 /* AppDelegate.m */; };
		22ADC9BC178D1AA800FFDA32 /* Default.png in Resources */ = {isa = PBXBuildFile; fileRef = 22ADC9BB178D1AA800FFDA32 /* Default.png */; };
		22ADC9BE178D1AA800FFDA32 /* Default@2x.png in Resources */ = {isa = PBXBuildFile; fileRef = 22ADC9BD178D1AA800FFDA32 /* Default@2x.png */; };
		22ADC9C0178D1AA800FFDA32 /* Default-568h@2x.png in Resources */ = {isa = PBXBuildFile; fileRef = 22ADC9BF178D1AA800FFDA32 /* Default-568h@2x.png */; };
		22ADC9C3178D1AA800FFDA32 /* MainStoryboard.storyboard in Resources */ = {isa = PBXBuildFile; fileRef = 22ADC9C1178D1AA800FFDA32 /* MainStoryboard.storyboard */; };
		22ADC9C6178D1AA800FFDA32 /* ViewController.m in Sources */ = {isa = PBXBuildFile; fileRef = 22ADC9C5178D1AA800FFDA32 /* ViewController.m */; };
		22ADC9D9178D242300FFDA32 /* CFNetwork.framework in Frameworks */ = {isa = PBXBuildFile; fileRef = 22ADC9D8178D242300FFDA32 /* CFNetwork.framework */; };
		22ADCACC178D2D8D00FFDA32 /* SystemConfiguration.framework in Frameworks */ = {isa = PBXBuildFile; fileRef = 22ADCACB178D2D8D00FFDA32 /* SystemConfiguration.framework */; };
		22ADCB1E178D2F8800FFDA32 /* LFHTTPRequest.m in Sources */ = {isa = PBXBuildFile; fileRef = 22ADCADE178D2F8700FFDA32 /* LFHTTPRequest.m */; settings = {COMPILER_FLAGS = "-fno-objc-arc"; }; };
		22ADCB1F178D2F8800FFDA32 /* LFSiteReachability.m in Sources */ = {isa = PBXBuildFile; fileRef = 22ADCAE0178D2F8700FFDA32 /* LFSiteReachability.m */; settings = {COMPILER_FLAGS = "-fno-objc-arc"; }; };
		22ADCB20178D2F8800FFDA32 /* NSData+LFHTTPFormExtensions.m in Sources */ = {isa = PBXBuildFile; fileRef = 22ADCAE3178D2F8700FFDA32 /* NSData+LFHTTPFormExtensions.m */; settings = {COMPILER_FLAGS = "-fno-objc-arc"; }; };
		22ADCB49178D306F00FFDA32 /* ObjectiveFlickr.m in Sources */ = {isa = PBXBuildFile; fileRef = 22ADCB44178D2F9400FFDA32 /* ObjectiveFlickr.m */; settings = {COMPILER_FLAGS = "-fno-objc-arc"; }; };
		22ADCB4A178D307500FFDA32 /* OFXMLMapper.m in Sources */ = {isa = PBXBuildFile; fileRef = 22ADCB48178D2F9400FFDA32 /* OFXMLMapper.m */; settings = {COMPILER_FLAGS = "-fno-objc-arc"; }; };
		22ADCB4B178D307900FFDA32 /* OFUtilities.m in Sources */ = {isa = PBXBuildFile; fileRef = 22ADCB46178D2F9400FFDA32 /* OFUtilities.m */; settings = {COMPILER_FLAGS = "-fno-objc-arc"; }; };
		22ADCB4F178D323300FFDA32 /* FlickrManager.m in Sources */ = {isa = PBXBuildFile; fileRef = 22ADCB4E178D323300FFDA32 /* FlickrManager.m */; };
		22ADCB53178D4A2F00FFDA32 /* PlacesManager.m in Sources */ = {isa = PBXBuildFile; fileRef = 22ADCB52178D4A2F00FFDA32 /* PlacesManager.m */; };
		22ADCBBC178D596E00FFDA32 /* ASIAuthenticationDialog.m in Sources */ = {isa = PBXBuildFile; fileRef = 22ADCBA9178D596E00FFDA32 /* ASIAuthenticationDialog.m */; settings = {COMPILER_FLAGS = "-fno-objc-arc"; }; };
		22ADCBBD178D596E00FFDA32 /* ASIDataCompressor.m in Sources */ = {isa = PBXBuildFile; fileRef = 22ADCBAC178D596E00FFDA32 /* ASIDataCompressor.m */; settings = {COMPILER_FLAGS = "-fno-objc-arc"; }; };
		22ADCBBE178D596E00FFDA32 /* ASIDataDecompressor.m in Sources */ = {isa = PBXBuildFile; fileRef = 22ADCBAE178D596E00FFDA32 /* ASIDataDecompressor.m */; settings = {COMPILER_FLAGS = "-fno-objc-arc"; }; };
		22ADCBBF178D596E00FFDA32 /* ASIDownloadCache.m in Sources */ = {isa = PBXBuildFile; fileRef = 22ADCBB0178D596E00FFDA32 /* ASIDownloadCache.m */; settings = {COMPILER_FLAGS = "-fno-objc-arc"; }; };
		22ADCBC0178D596E00FFDA32 /* ASIFormDataRequest.m in Sources */ = {isa = PBXBuildFile; fileRef = 22ADCBB2178D596E00FFDA32 /* ASIFormDataRequest.m */; settings = {COMPILER_FLAGS = "-fno-objc-arc"; }; };
		22ADCBC1178D596E00FFDA32 /* ASIHTTPRequest.m in Sources */ = {isa = PBXBuildFile; fileRef = 22ADCBB4178D596E00FFDA32 /* ASIHTTPRequest.m */; settings = {COMPILER_FLAGS = "-fno-objc-arc"; }; };
		22ADCBC2178D596E00FFDA32 /* ASIInputStream.m in Sources */ = {isa = PBXBuildFile; fileRef = 22ADCBB8178D596E00FFDA32 /* ASIInputStream.m */; settings = {COMPILER_FLAGS = "-fno-objc-arc"; }; };
		22ADCBC3178D596E00FFDA32 /* ASINetworkQueue.m in Sources */ = {isa = PBXBuildFile; fileRef = 22ADCBBA178D596E00FFDA32 /* ASINetworkQueue.m */; settings = {COMPILER_FLAGS = "-fno-objc-arc"; }; };
		22ADCBC5178D5ABB00FFDA32 /* Reachability.m in Sources */ = {isa = PBXBuildFile; fileRef = 22ADCBC4178D5ABB00FFDA32 /* Reachability.m */; settings = {COMPILER_FLAGS = "-fno-objc-arc"; }; };
		22ADCBC8178D5B4400FFDA32 /* MobileCoreServices.framework in Frameworks */ = {isa = PBXBuildFile; fileRef = 22ADCBC7178D5B4400FFDA32 /* MobileCoreServices.framework */; };
		22ADCBCC178D5E0600FFDA32 /* libz.dylib in Frameworks */ = {isa = PBXBuildFile; fileRef = 22ADCBCB178D5E0600FFDA32 /* libz.dylib */; };
		530F547C17918D6A004975BF /* AlbumCollectionViewCell.m in Sources */ = {isa = PBXBuildFile; fileRef = 530F547B17918D6A004975BF /* AlbumCollectionViewCell.m */; };
		530F547F1791A84E004975BF /* PhotosViewController.m in Sources */ = {isa = PBXBuildFile; fileRef = 530F547E1791A84E004975BF /* PhotosViewController.m */; };
		530F54821791B0F1004975BF /* PhotosCollectionViewCell.m in Sources */ = {isa = PBXBuildFile; fileRef = 530F54811791B0F1004975BF /* PhotosCollectionViewCell.m */; };
		530F54861791B63E004975BF /* ImageCache.m in Sources */ = {isa = PBXBuildFile; fileRef = 530F54851791B63E004975BF /* ImageCache.m */; };
		530F54891791C01B004975BF /* PhotoView.m in Sources */ = {isa = PBXBuildFile; fileRef = 530F54881791C01B004975BF /* PhotoView.m */; };
		530F548B1791C02E004975BF /* PhotoView.xib in Resources */ = {isa = PBXBuildFile; fileRef = 530F548A1791C02E004975BF /* PhotoView.xib */; };
		5343B75717929B25002D3B0A /* close.png in Resources */ = {isa = PBXBuildFile; fileRef = 5343B75617929B25002D3B0A /* close.png */; };
/* End PBXBuildFile section */

/* Begin PBXFileReference section */
		220F631A178FCB7C00D89FF0 /* Photo.h */ = {isa = PBXFileReference; fileEncoding = 4; lastKnownFileType = sourcecode.c.h; name = Photo.h; path = Model/Photo.h; sourceTree = "<group>"; };
		220F631B178FCB7C00D89FF0 /* Photo.m */ = {isa = PBXFileReference; fileEncoding = 4; lastKnownFileType = sourcecode.c.objc; name = Photo.m; path = Model/Photo.m; sourceTree = "<group>"; };
		220F631D178FCB8800D89FF0 /* Place.h */ = {isa = PBXFileReference; fileEncoding = 4; lastKnownFileType = sourcecode.c.h; path = Place.h; sourceTree = "<group>"; };
		220F631E178FCB8800D89FF0 /* Place.m */ = {isa = PBXFileReference; fileEncoding = 4; lastKnownFileType = sourcecode.c.objc; path = Place.m; sourceTree = "<group>"; };
		220F6321178FCD6900D89FF0 /* NSObject+SBJson.h */ = {isa = PBXFileReference; lastKnownFileType = sourcecode.c.h; name = "NSObject+SBJson.h"; path = "SBJSON/NSObject+SBJson.h"; sourceTree = "<group>"; };
		220F6322178FCD6900D89FF0 /* NSObject+SBJson.m */ = {isa = PBXFileReference; lastKnownFileType = sourcecode.c.objc; name = "NSObject+SBJson.m"; path = "SBJSON/NSObject+SBJson.m"; sourceTree = "<group>"; };
		220F6323178FCD6900D89FF0 /* SBJson.h */ = {isa = PBXFileReference; lastKnownFileType = sourcecode.c.h; name = SBJson.h; path = SBJSON/SBJson.h; sourceTree = "<group>"; };
		220F6324178FCD6900D89FF0 /* SBJsonParser.h */ = {isa = PBXFileReference; lastKnownFileType = sourcecode.c.h; name = SBJsonParser.h; path = SBJSON/SBJsonParser.h; sourceTree = "<group>"; };
		220F6325178FCD6900D89FF0 /* SBJsonParser.m */ = {isa = PBXFileReference; lastKnownFileType = sourcecode.c.objc; name = SBJsonParser.m; path = SBJSON/SBJsonParser.m; sourceTree = "<group>"; };
		220F6326178FCD6900D89FF0 /* SBJsonStreamParser.h */ = {isa = PBXFileReference; lastKnownFileType = sourcecode.c.h; name = SBJsonStreamParser.h; path = SBJSON/SBJsonStreamParser.h; sourceTree = "<group>"; };
		220F6327178FCD6900D89FF0 /* SBJsonStreamParser.m */ = {isa = PBXFileReference; lastKnownFileType = sourcecode.c.objc; name = SBJsonStreamParser.m; path = SBJSON/SBJsonStreamParser.m; sourceTree = "<group>"; };
		220F6328178FCD6900D89FF0 /* SBJsonStreamParserAccumulator.h */ = {isa = PBXFileReference; lastKnownFileType = sourcecode.c.h; name = SBJsonStreamParserAccumulator.h; path = SBJSON/SBJsonStreamParserAccumulator.h; sourceTree = "<group>"; };
		220F6329178FCD6900D89FF0 /* SBJsonStreamParserAccumulator.m */ = {isa = PBXFileReference; lastKnownFileType = sourcecode.c.objc; name = SBJsonStreamParserAccumulator.m; path = SBJSON/SBJsonStreamParserAccumulator.m; sourceTree = "<group>"; };
		220F632A178FCD6900D89FF0 /* SBJsonStreamParserAdapter.h */ = {isa = PBXFileReference; lastKnownFileType = sourcecode.c.h; name = SBJsonStreamParserAdapter.h; path = SBJSON/SBJsonStreamParserAdapter.h; sourceTree = "<group>"; };
		220F632B178FCD6900D89FF0 /* SBJsonStreamParserAdapter.m */ = {isa = PBXFileReference; lastKnownFileType = sourcecode.c.objc; name = SBJsonStreamParserAdapter.m; path = SBJSON/SBJsonStreamParserAdapter.m; sourceTree = "<group>"; };
		220F632C178FCD6900D89FF0 /* SBJsonStreamParserState.h */ = {isa = PBXFileReference; lastKnownFileType = sourcecode.c.h; name = SBJsonStreamParserState.h; path = SBJSON/SBJsonStreamParserState.h; sourceTree = "<group>"; };
		220F632D178FCD6900D89FF0 /* SBJsonStreamParserState.m */ = {isa = PBXFileReference; lastKnownFileType = sourcecode.c.objc; name = SBJsonStreamParserState.m; path = SBJSON/SBJsonStreamParserState.m; sourceTree = "<group>"; };
		220F632E178FCD6900D89FF0 /* SBJsonStreamWriter.h */ = {isa = PBXFileReference; lastKnownFileType = sourcecode.c.h; name = SBJsonStreamWriter.h; path = SBJSON/SBJsonStreamWriter.h; sourceTree = "<group>"; };
		220F632F178FCD6900D89FF0 /* SBJsonStreamWriter.m */ = {isa = PBXFileReference; lastKnownFileType = sourcecode.c.objc; name = SBJsonStreamWriter.m; path = SBJSON/SBJsonStreamWriter.m; sourceTree = "<group>"; };
		220F6330178FCD6900D89FF0 /* SBJsonStreamWriterAccumulator.h */ = {isa = PBXFileReference; lastKnownFileType = sourcecode.c.h; name = SBJsonStreamWriterAccumulator.h; path = SBJSON/SBJsonStreamWriterAccumulator.h; sourceTree = "<group>"; };
		220F6331178FCD6900D89FF0 /* SBJsonStreamWriterAccumulator.m */ = {isa = PBXFileReference; lastKnownFileType = sourcecode.c.objc; name = SBJsonStreamWriterAccumulator.m; path = SBJSON/SBJsonStreamWriterAccumulator.m; sourceTree = "<group>"; };
		220F6332178FCD6900D89FF0 /* SBJsonStreamWriterState.h */ = {isa = PBXFileReference; lastKnownFileType = sourcecode.c.h; name = SBJsonStreamWriterState.h; path = SBJSON/SBJsonStreamWriterState.h; sourceTree = "<group>"; };
		220F6333178FCD6900D89FF0 /* SBJsonStreamWriterState.m */ = {isa = PBXFileReference; lastKnownFileType = sourcecode.c.objc; name = SBJsonStreamWriterState.m; path = SBJSON/SBJsonStreamWriterState.m; sourceTree = "<group>"; };
		220F6334178FCD6900D89FF0 /* SBJsonTokeniser.h */ = {isa = PBXFileReference; lastKnownFileType = sourcecode.c.h; name = SBJsonTokeniser.h; path = SBJSON/SBJsonTokeniser.h; sourceTree = "<group>"; };
		220F6335178FCD6900D89FF0 /* SBJsonTokeniser.m */ = {isa = PBXFileReference; lastKnownFileType = sourcecode.c.objc; name = SBJsonTokeniser.m; path = SBJSON/SBJsonTokeniser.m; sourceTree = "<group>"; };
		220F6336178FCD6900D89FF0 /* SBJsonUTF8Stream.h */ = {isa = PBXFileReference; lastKnownFileType = sourcecode.c.h; name = SBJsonUTF8Stream.h; path = SBJSON/SBJsonUTF8Stream.h; sourceTree = "<group>"; };
		220F6337178FCD6900D89FF0 /* SBJsonUTF8Stream.m */ = {isa = PBXFileReference; lastKnownFileType = sourcecode.c.objc; name = SBJsonUTF8Stream.m; path = SBJSON/SBJsonUTF8Stream.m; sourceTree = "<group>"; };
		220F6338178FCD6900D89FF0 /* SBJsonWriter.h */ = {isa = PBXFileReference; lastKnownFileType = sourcecode.c.h; name = SBJsonWriter.h; path = SBJSON/SBJsonWriter.h; sourceTree = "<group>"; };
		220F6339178FCD6900D89FF0 /* SBJsonWriter.m */ = {isa = PBXFileReference; lastKnownFileType = sourcecode.c.objc; name = SBJsonWriter.m; path = SBJSON/SBJsonWriter.m; sourceTree = "<group>"; };
		220F6346178FD51F00D89FF0 /* CoreLocation.framework */ = {isa = PBXFileReference; lastKnownFileType = wrapper.framework; name = CoreLocation.framework; path = System/Library/Frameworks/CoreLocation.framework; sourceTree = SDKROOT; };
		220F6348178FDB3D00D89FF0 /* Venue.h */ = {isa = PBXFileReference; fileEncoding = 4; lastKnownFileType = sourcecode.c.h; path = Venue.h; sourceTree = "<group>"; };
		220F6349178FDB3D00D89FF0 /* Venue.m */ = {isa = PBXFileReference; fileEncoding = 4; lastKnownFileType = sourcecode.c.objc; path = Venue.m; sourceTree = "<group>"; };
		220F634C178FEC5A00D89FF0 /* Queue.h */ = {isa = PBXFileReference; fileEncoding = 4; lastKnownFileType = sourcecode.c.h; name = Queue.h; path = Util/Queue.h; sourceTree = "<group>"; };
		220F634D178FEC5A00D89FF0 /* Queue.m */ = {isa = PBXFileReference; fileEncoding = 4; lastKnownFileType = sourcecode.c.objc; name = Queue.m; path = Util/Queue.m; sourceTree = "<group>"; };
		22ADC9A6178D1AA800FFDA32 /* NearPics.app */ = {isa = PBXFileReference; explicitFileType = wrapper.application; includeInIndex = 0; path = NearPics.app; sourceTree = BUILT_PRODUCTS_DIR; };
		22ADC9A9178D1AA800FFDA32 /* UIKit.framework */ = {isa = PBXFileReference; lastKnownFileType = wrapper.framework; name = UIKit.framework; path = System/Library/Frameworks/UIKit.framework; sourceTree = SDKROOT; };
		22ADC9AB178D1AA800FFDA32 /* Foundation.framework */ = {isa = PBXFileReference; lastKnownFileType = wrapper.framework; name = Foundation.framework; path = System/Library/Frameworks/Foundation.framework; sourceTree = SDKROOT; };
		22ADC9AD178D1AA800FFDA32 /* CoreGraphics.framework */ = {isa = PBXFileReference; lastKnownFileType = wrapper.framework; name = CoreGraphics.framework; path = System/Library/Frameworks/CoreGraphics.framework; sourceTree = SDKROOT; };
		22ADC9B1178D1AA800FFDA32 /* NearPics-Info.plist */ = {isa = PBXFileReference; lastKnownFileType = text.plist.xml; path = "NearPics-Info.plist"; sourceTree = "<group>"; };
		22ADC9B3178D1AA800FFDA32 /* en */ = {isa = PBXFileReference; lastKnownFileType = text.plist.strings; name = en; path = en.lproj/InfoPlist.strings; sourceTree = "<group>"; };
		22ADC9B5178D1AA800FFDA32 /* main.m */ = {isa = PBXFileReference; lastKnownFileType = sourcecode.c.objc; path = main.m; sourceTree = "<group>"; };
		22ADC9B7178D1AA800FFDA32 /* NearPics-Prefix.pch */ = {isa = PBXFileReference; lastKnownFileType = sourcecode.c.h; path = "NearPics-Prefix.pch"; sourceTree = "<group>"; };
		22ADC9B8178D1AA800FFDA32 /* AppDelegate.h */ = {isa = PBXFileReference; lastKnownFileType = sourcecode.c.h; path = AppDelegate.h; sourceTree = "<group>"; };
		22ADC9B9178D1AA800FFDA32 /* AppDelegate.m */ = {isa = PBXFileReference; lastKnownFileType = sourcecode.c.objc; path = AppDelegate.m; sourceTree = "<group>"; };
		22ADC9BB178D1AA800FFDA32 /* Default.png */ = {isa = PBXFileReference; lastKnownFileType = image.png; path = Default.png; sourceTree = "<group>"; };
		22ADC9BD178D1AA800FFDA32 /* Default@2x.png */ = {isa = PBXFileReference; lastKnownFileType = image.png; path = "Default@2x.png"; sourceTree = "<group>"; };
		22ADC9BF178D1AA800FFDA32 /* Default-568h@2x.png */ = {isa = PBXFileReference; lastKnownFileType = image.png; path = "Default-568h@2x.png"; sourceTree = "<group>"; };
		22ADC9C2178D1AA800FFDA32 /* en */ = {isa = PBXFileReference; lastKnownFileType = file.storyboard; name = en; path = en.lproj/MainStoryboard.storyboard; sourceTree = "<group>"; };
		22ADC9C4178D1AA800FFDA32 /* ViewController.h */ = {isa = PBXFileReference; lastKnownFileType = sourcecode.c.h; path = ViewController.h; sourceTree = "<group>"; };
		22ADC9C5178D1AA800FFDA32 /* ViewController.m */ = {isa = PBXFileReference; lastKnownFileType = sourcecode.c.objc; path = ViewController.m; sourceTree = "<group>"; };
		22ADC9D8178D242300FFDA32 /* CFNetwork.framework */ = {isa = PBXFileReference; lastKnownFileType = wrapper.framework; name = CFNetwork.framework; path = System/Library/Frameworks/CFNetwork.framework; sourceTree = SDKROOT; };
		22ADCACB178D2D8D00FFDA32 /* SystemConfiguration.framework */ = {isa = PBXFileReference; lastKnownFileType = wrapper.framework; name = SystemConfiguration.framework; path = System/Library/Frameworks/SystemConfiguration.framework; sourceTree = SDKROOT; };
		22ADCADD178D2F8700FFDA32 /* LFHTTPRequest.h */ = {isa = PBXFileReference; fileEncoding = 4; lastKnownFileType = sourcecode.c.h; path = LFHTTPRequest.h; sourceTree = "<group>"; };
		22ADCADE178D2F8700FFDA32 /* LFHTTPRequest.m */ = {isa = PBXFileReference; fileEncoding = 4; lastKnownFileType = sourcecode.c.objc; path = LFHTTPRequest.m; sourceTree = "<group>"; };
		22ADCADF178D2F8700FFDA32 /* LFSiteReachability.h */ = {isa = PBXFileReference; fileEncoding = 4; lastKnownFileType = sourcecode.c.h; path = LFSiteReachability.h; sourceTree = "<group>"; };
		22ADCAE0178D2F8700FFDA32 /* LFSiteReachability.m */ = {isa = PBXFileReference; fileEncoding = 4; lastKnownFileType = sourcecode.c.objc; path = LFSiteReachability.m; sourceTree = "<group>"; };
		22ADCAE1178D2F8700FFDA32 /* LFWebAPIKit.h */ = {isa = PBXFileReference; fileEncoding = 4; lastKnownFileType = sourcecode.c.h; path = LFWebAPIKit.h; sourceTree = "<group>"; };
		22ADCAE2178D2F8700FFDA32 /* NSData+LFHTTPFormExtensions.h */ = {isa = PBXFileReference; fileEncoding = 4; lastKnownFileType = sourcecode.c.h; path = "NSData+LFHTTPFormExtensions.h"; sourceTree = "<group>"; };
		22ADCAE3178D2F8700FFDA32 /* NSData+LFHTTPFormExtensions.m */ = {isa = PBXFileReference; fileEncoding = 4; lastKnownFileType = sourcecode.c.objc; path = "NSData+LFHTTPFormExtensions.m"; sourceTree = "<group>"; };
		22ADCB43178D2F9400FFDA32 /* ObjectiveFlickr.h */ = {isa = PBXFileReference; lastKnownFileType = sourcecode.c.h; name = ObjectiveFlickr.h; path = "objectiveflickr-master/Source/ObjectiveFlickr.h"; sourceTree = "<group>"; };
		22ADCB44178D2F9400FFDA32 /* ObjectiveFlickr.m */ = {isa = PBXFileReference; lastKnownFileType = sourcecode.c.objc; name = ObjectiveFlickr.m; path = "objectiveflickr-master/Source/ObjectiveFlickr.m"; sourceTree = "<group>"; };
		22ADCB45178D2F9400FFDA32 /* OFUtilities.h */ = {isa = PBXFileReference; lastKnownFileType = sourcecode.c.h; name = OFUtilities.h; path = "objectiveflickr-master/Source/OFUtilities.h"; sourceTree = "<group>"; };
		22ADCB46178D2F9400FFDA32 /* OFUtilities.m */ = {isa = PBXFileReference; lastKnownFileType = sourcecode.c.objc; name = OFUtilities.m; path = "objectiveflickr-master/Source/OFUtilities.m"; sourceTree = "<group>"; };
		22ADCB47178D2F9400FFDA32 /* OFXMLMapper.h */ = {isa = PBXFileReference; lastKnownFileType = sourcecode.c.h; name = OFXMLMapper.h; path = "objectiveflickr-master/Source/OFXMLMapper.h"; sourceTree = "<group>"; };
		22ADCB48178D2F9400FFDA32 /* OFXMLMapper.m */ = {isa = PBXFileReference; lastKnownFileType = sourcecode.c.objc; name = OFXMLMapper.m; path = "objectiveflickr-master/Source/OFXMLMapper.m"; sourceTree = "<group>"; };
		22ADCB4D178D323300FFDA32 /* FlickrManager.h */ = {isa = PBXFileReference; fileEncoding = 4; lastKnownFileType = sourcecode.c.h; name = FlickrManager.h; path = Flickr/FlickrManager.h; sourceTree = "<group>"; };
		22ADCB4E178D323300FFDA32 /* FlickrManager.m */ = {isa = PBXFileReference; fileEncoding = 4; lastKnownFileType = sourcecode.c.objc; name = FlickrManager.m; path = Flickr/FlickrManager.m; sourceTree = "<group>"; };
		22ADCB51178D4A2F00FFDA32 /* PlacesManager.h */ = {isa = PBXFileReference; fileEncoding = 4; lastKnownFileType = sourcecode.c.h; path = PlacesManager.h; sourceTree = "<group>"; };
		22ADCB52178D4A2F00FFDA32 /* PlacesManager.m */ = {isa = PBXFileReference; fileEncoding = 4; lastKnownFileType = sourcecode.c.objc; path = PlacesManager.m; sourceTree = "<group>"; };
		22ADCBA8178D596E00FFDA32 /* ASIAuthenticationDialog.h */ = {isa = PBXFileReference; fileEncoding = 4; lastKnownFileType = sourcecode.c.h; path = ASIAuthenticationDialog.h; sourceTree = "<group>"; };
		22ADCBA9178D596E00FFDA32 /* ASIAuthenticationDialog.m */ = {isa = PBXFileReference; fileEncoding = 4; lastKnownFileType = sourcecode.c.objc; path = ASIAuthenticationDialog.m; sourceTree = "<group>"; };
		22ADCBAA178D596E00FFDA32 /* ASICacheDelegate.h */ = {isa = PBXFileReference; fileEncoding = 4; lastKnownFileType = sourcecode.c.h; path = ASICacheDelegate.h; sourceTree = "<group>"; };
		22ADCBAB178D596E00FFDA32 /* ASIDataCompressor.h */ = {isa = PBXFileReference; fileEncoding = 4; lastKnownFileType = sourcecode.c.h; path = ASIDataCompressor.h; sourceTree = "<group>"; };
		22ADCBAC178D596E00FFDA32 /* ASIDataCompressor.m */ = {isa = PBXFileReference; fileEncoding = 4; lastKnownFileType = sourcecode.c.objc; path = ASIDataCompressor.m; sourceTree = "<group>"; };
		22ADCBAD178D596E00FFDA32 /* ASIDataDecompressor.h */ = {isa = PBXFileReference; fileEncoding = 4; lastKnownFileType = sourcecode.c.h; path = ASIDataDecompressor.h; sourceTree = "<group>"; };
		22ADCBAE178D596E00FFDA32 /* ASIDataDecompressor.m */ = {isa = PBXFileReference; fileEncoding = 4; lastKnownFileType = sourcecode.c.objc; path = ASIDataDecompressor.m; sourceTree = "<group>"; };
		22ADCBAF178D596E00FFDA32 /* ASIDownloadCache.h */ = {isa = PBXFileReference; fileEncoding = 4; lastKnownFileType = sourcecode.c.h; path = ASIDownloadCache.h; sourceTree = "<group>"; };
		22ADCBB0178D596E00FFDA32 /* ASIDownloadCache.m */ = {isa = PBXFileReference; fileEncoding = 4; lastKnownFileType = sourcecode.c.objc; path = ASIDownloadCache.m; sourceTree = "<group>"; };
		22ADCBB1178D596E00FFDA32 /* ASIFormDataRequest.h */ = {isa = PBXFileReference; fileEncoding = 4; lastKnownFileType = sourcecode.c.h; path = ASIFormDataRequest.h; sourceTree = "<group>"; };
		22ADCBB2178D596E00FFDA32 /* ASIFormDataRequest.m */ = {isa = PBXFileReference; fileEncoding = 4; lastKnownFileType = sourcecode.c.objc; path = ASIFormDataRequest.m; sourceTree = "<group>"; };
		22ADCBB3178D596E00FFDA32 /* ASIHTTPRequest.h */ = {isa = PBXFileReference; fileEncoding = 4; lastKnownFileType = sourcecode.c.h; path = ASIHTTPRequest.h; sourceTree = "<group>"; };
		22ADCBB4178D596E00FFDA32 /* ASIHTTPRequest.m */ = {isa = PBXFileReference; fileEncoding = 4; lastKnownFileType = sourcecode.c.objc; path = ASIHTTPRequest.m; sourceTree = "<group>"; };
		22ADCBB5178D596E00FFDA32 /* ASIHTTPRequestConfig.h */ = {isa = PBXFileReference; fileEncoding = 4; lastKnownFileType = sourcecode.c.h; path = ASIHTTPRequestConfig.h; sourceTree = "<group>"; };
		22ADCBB6178D596E00FFDA32 /* ASIHTTPRequestDelegate.h */ = {isa = PBXFileReference; fileEncoding = 4; lastKnownFileType = sourcecode.c.h; path = ASIHTTPRequestDelegate.h; sourceTree = "<group>"; };
		22ADCBB7178D596E00FFDA32 /* ASIInputStream.h */ = {isa = PBXFileReference; fileEncoding = 4; lastKnownFileType = sourcecode.c.h; path = ASIInputStream.h; sourceTree = "<group>"; };
		22ADCBB8178D596E00FFDA32 /* ASIInputStream.m */ = {isa = PBXFileReference; fileEncoding = 4; lastKnownFileType = sourcecode.c.objc; path = ASIInputStream.m; sourceTree = "<group>"; };
		22ADCBB9178D596E00FFDA32 /* ASINetworkQueue.h */ = {isa = PBXFileReference; fileEncoding = 4; lastKnownFileType = sourcecode.c.h; path = ASINetworkQueue.h; sourceTree = "<group>"; };
		22ADCBBA178D596E00FFDA32 /* ASINetworkQueue.m */ = {isa = PBXFileReference; fileEncoding = 4; lastKnownFileType = sourcecode.c.objc; path = ASINetworkQueue.m; sourceTree = "<group>"; };
		22ADCBBB178D596E00FFDA32 /* ASIProgressDelegate.h */ = {isa = PBXFileReference; fileEncoding = 4; lastKnownFileType = sourcecode.c.h; path = ASIProgressDelegate.h; sourceTree = "<group>"; };
		22ADCBC4178D5ABB00FFDA32 /* Reachability.m */ = {isa = PBXFileReference; fileEncoding = 4; lastKnownFileType = sourcecode.c.objc; path = Reachability.m; sourceTree = "<group>"; };
		22ADCBC6178D5AC200FFDA32 /* Reachability.h */ = {isa = PBXFileReference; lastKnownFileType = sourcecode.c.h; path = Reachability.h; sourceTree = "<group>"; };
		22ADCBC7178D5B4400FFDA32 /* MobileCoreServices.framework */ = {isa = PBXFileReference; lastKnownFileType = wrapper.framework; name = MobileCoreServices.framework; path = System/Library/Frameworks/MobileCoreServices.framework; sourceTree = SDKROOT; };
		22ADCBC9178D5C1F00FFDA32 /* Security.framework */ = {isa = PBXFileReference; lastKnownFileType = wrapper.framework; name = Security.framework; path = System/Library/Frameworks/Security.framework; sourceTree = SDKROOT; };
		22ADCBCB178D5E0600FFDA32 /* libz.dylib */ = {isa = PBXFileReference; lastKnownFileType = "compiled.mach-o.dylib"; name = libz.dylib; path = usr/lib/libz.dylib; sourceTree = SDKROOT; };
		530F547A17918D6A004975BF /* AlbumCollectionViewCell.h */ = {isa = PBXFileReference; fileEncoding = 4; lastKnownFileType = sourcecode.c.h; path = AlbumCollectionViewCell.h; sourceTree = "<group>"; };
		530F547B17918D6A004975BF /* AlbumCollectionViewCell.m */ = {isa = PBXFileReference; fileEncoding = 4; lastKnownFileType = sourcecode.c.objc; path = AlbumCollectionViewCell.m; sourceTree = "<group>"; };
		530F547D1791A84E004975BF /* PhotosViewController.h */ = {isa = PBXFileReference; fileEncoding = 4; lastKnownFileType = sourcecode.c.h; path = PhotosViewController.h; sourceTree = "<group>"; };
		530F547E1791A84E004975BF /* PhotosViewController.m */ = {isa = PBXFileReference; fileEncoding = 4; lastKnownFileType = sourcecode.c.objc; path = PhotosViewController.m; sourceTree = "<group>"; };
		530F54801791B0F1004975BF /* PhotosCollectionViewCell.h */ = {isa = PBXFileReference; fileEncoding = 4; lastKnownFileType = sourcecode.c.h; path = PhotosCollectionViewCell.h; sourceTree = "<group>"; };
		530F54811791B0F1004975BF /* PhotosCollectionViewCell.m */ = {isa = PBXFileReference; fileEncoding = 4; lastKnownFileType = sourcecode.c.objc; path = PhotosCollectionViewCell.m; sourceTree = "<group>"; };
		530F54841791B63E004975BF /* ImageCache.h */ = {isa = PBXFileReference; fileEncoding = 4; lastKnownFileType = sourcecode.c.h; path = ImageCache.h; sourceTree = "<group>"; };
		530F54851791B63E004975BF /* ImageCache.m */ = {isa = PBXFileReference; fileEncoding = 4; lastKnownFileType = sourcecode.c.objc; path = ImageCache.m; sourceTree = "<group>"; };
		530F54871791C01B004975BF /* PhotoView.h */ = {isa = PBXFileReference; fileEncoding = 4; lastKnownFileType = sourcecode.c.h; path = PhotoView.h; sourceTree = "<group>"; };
		530F54881791C01B004975BF /* PhotoView.m */ = {isa = PBXFileReference; fileEncoding = 4; lastKnownFileType = sourcecode.c.objc; path = PhotoView.m; sourceTree = "<group>"; };
		530F548A1791C02E004975BF /* PhotoView.xib */ = {isa = PBXFileReference; fileEncoding = 4; lastKnownFileType = file.xib; path = PhotoView.xib; sourceTree = "<group>"; };
		5343B75617929B25002D3B0A /* close.png */ = {isa = PBXFileReference; lastKnownFileType = image.png; path = close.png; sourceTree = "<group>"; };
/* End PBXFileReference section */

/* Begin PBXFrameworksBuildPhase section */
		22ADC9A3178D1AA800FFDA32 /* Frameworks */ = {
			isa = PBXFrameworksBuildPhase;
			buildActionMask = 2147483647;
			files = (
				220F6347178FD51F00D89FF0 /* CoreLocation.framework in Frameworks */,
				22ADCBCC178D5E0600FFDA32 /* libz.dylib in Frameworks */,
				22ADCBC8178D5B4400FFDA32 /* MobileCoreServices.framework in Frameworks */,
				22ADCACC178D2D8D00FFDA32 /* SystemConfiguration.framework in Frameworks */,
				22ADC9D9178D242300FFDA32 /* CFNetwork.framework in Frameworks */,
				22ADC9AA178D1AA800FFDA32 /* UIKit.framework in Frameworks */,
				22ADC9AC178D1AA800FFDA32 /* Foundation.framework in Frameworks */,
				22ADC9AE178D1AA800FFDA32 /* CoreGraphics.framework in Frameworks */,
			);
			runOnlyForDeploymentPostprocessing = 0;
		};
/* End PBXFrameworksBuildPhase section */

/* Begin PBXGroup section */
		220F6319178FCB6200D89FF0 /* Model */ = {
			isa = PBXGroup;
			children = (
				220F631A178FCB7C00D89FF0 /* Photo.h */,
				220F631B178FCB7C00D89FF0 /* Photo.m */,
				220F631D178FCB8800D89FF0 /* Place.h */,
				220F631E178FCB8800D89FF0 /* Place.m */,
				220F6348178FDB3D00D89FF0 /* Venue.h */,
				220F6349178FDB3D00D89FF0 /* Venue.m */,
			);
			name = Model;
			sourceTree = "<group>";
		};
		220F6320178FCD3400D89FF0 /* SBJSON */ = {
			isa = PBXGroup;
			children = (
				220F6321178FCD6900D89FF0 /* NSObject+SBJson.h */,
				220F6322178FCD6900D89FF0 /* NSObject+SBJson.m */,
				220F6323178FCD6900D89FF0 /* SBJson.h */,
				220F6324178FCD6900D89FF0 /* SBJsonParser.h */,
				220F6325178FCD6900D89FF0 /* SBJsonParser.m */,
				220F6326178FCD6900D89FF0 /* SBJsonStreamParser.h */,
				220F6327178FCD6900D89FF0 /* SBJsonStreamParser.m */,
				220F6328178FCD6900D89FF0 /* SBJsonStreamParserAccumulator.h */,
				220F6329178FCD6900D89FF0 /* SBJsonStreamParserAccumulator.m */,
				220F632A178FCD6900D89FF0 /* SBJsonStreamParserAdapter.h */,
				220F632B178FCD6900D89FF0 /* SBJsonStreamParserAdapter.m */,
				220F632C178FCD6900D89FF0 /* SBJsonStreamParserState.h */,
				220F632D178FCD6900D89FF0 /* SBJsonStreamParserState.m */,
				220F632E178FCD6900D89FF0 /* SBJsonStreamWriter.h */,
				220F632F178FCD6900D89FF0 /* SBJsonStreamWriter.m */,
				220F6330178FCD6900D89FF0 /* SBJsonStreamWriterAccumulator.h */,
				220F6331178FCD6900D89FF0 /* SBJsonStreamWriterAccumulator.m */,
				220F6332178FCD6900D89FF0 /* SBJsonStreamWriterState.h */,
				220F6333178FCD6900D89FF0 /* SBJsonStreamWriterState.m */,
				220F6334178FCD6900D89FF0 /* SBJsonTokeniser.h */,
				220F6335178FCD6900D89FF0 /* SBJsonTokeniser.m */,
				220F6336178FCD6900D89FF0 /* SBJsonUTF8Stream.h */,
				220F6337178FCD6900D89FF0 /* SBJsonUTF8Stream.m */,
				220F6338178FCD6900D89FF0 /* SBJsonWriter.h */,
				220F6339178FCD6900D89FF0 /* SBJsonWriter.m */,
			);
			name = SBJSON;
			sourceTree = "<group>";
		};
		220F634B178FEC2D00D89FF0 /* Util */ = {
			isa = PBXGroup;
			children = (
				220F634C178FEC5A00D89FF0 /* Queue.h */,
				220F634D178FEC5A00D89FF0 /* Queue.m */,
			);
			name = Util;
			sourceTree = "<group>";
		};
		22ADC99D178D1AA800FFDA32 = {
			isa = PBXGroup;
			children = (
				534E6249179172B70082BB93 /* Libs */,
				220F6346178FD51F00D89FF0 /* CoreLocation.framework */,
				22ADCBCB178D5E0600FFDA32 /* libz.dylib */,
				22ADCBC9178D5C1F00FFDA32 /* Security.framework */,
				22ADCBC7178D5B4400FFDA32 /* MobileCoreServices.framework */,
				22ADCACB178D2D8D00FFDA32 /* SystemConfiguration.framework */,
				22ADC9D8178D242300FFDA32 /* CFNetwork.framework */,
				22ADC9AF178D1AA800FFDA32 /* NearPics */,
				22ADC9A8178D1AA800FFDA32 /* Frameworks */,
				22ADC9A7178D1AA800FFDA32 /* Products */,
			);
			sourceTree = "<group>";
		};
		22ADC9A7178D1AA800FFDA32 /* Products */ = {
			isa = PBXGroup;
			children = (
				22ADC9A6178D1AA800FFDA32 /* NearPics.app */,
			);
			name = Products;
			sourceTree = "<group>";
		};
		22ADC9A8178D1AA800FFDA32 /* Frameworks */ = {
			isa = PBXGroup;
			children = (
				22ADC9A9178D1AA800FFDA32 /* UIKit.framework */,
				22ADC9AB178D1AA800FFDA32 /* Foundation.framework */,
				22ADC9AD178D1AA800FFDA32 /* CoreGraphics.framework */,
			);
			name = Frameworks;
			sourceTree = "<group>";
		};
		22ADC9AF178D1AA800FFDA32 /* NearPics */ = {
			isa = PBXGroup;
			children = (
				5343B755179299D3002D3B0A /* images */,
				530F54831791B5DE004975BF /* cache */,
				530F547917918D4F004975BF /* views */,
				220F634B178FEC2D00D89FF0 /* Util */,
				220F6319178FCB6200D89FF0 /* Model */,
				22ADCB50178D41FD00FFDA32 /* Google */,
				22ADCB4C178D320B00FFDA32 /* Flickr */,
				22ADC9B8178D1AA800FFDA32 /* AppDelegate.h */,
				22ADC9B9178D1AA800FFDA32 /* AppDelegate.m */,
				22ADC9C1178D1AA800FFDA32 /* MainStoryboard.storyboard */,
				22ADC9C4178D1AA800FFDA32 /* ViewController.h */,
				22ADC9C5178D1AA800FFDA32 /* ViewController.m */,
				530F547D1791A84E004975BF /* PhotosViewController.h */,
				530F547E1791A84E004975BF /* PhotosViewController.m */,
				22ADC9B0178D1AA800FFDA32 /* Supporting Files */,
			);
			path = NearPics;
			sourceTree = "<group>";
		};
		22ADC9B0178D1AA800FFDA32 /* Supporting Files */ = {
			isa = PBXGroup;
			children = (
				22ADC9B1178D1AA800FFDA32 /* NearPics-Info.plist */,
				22ADC9B2178D1AA800FFDA32 /* InfoPlist.strings */,
				22ADC9B5178D1AA800FFDA32 /* main.m */,
				22ADC9B7178D1AA800FFDA32 /* NearPics-Prefix.pch */,
				22ADC9BB178D1AA800FFDA32 /* Default.png */,
				22ADC9BD178D1AA800FFDA32 /* Default@2x.png */,
				22ADC9BF178D1AA800FFDA32 /* Default-568h@2x.png */,
			);
			name = "Supporting Files";
			sourceTree = "<group>";
		};
		22ADCADB178D2F6A00FFDA32 /* ObjectiveFlickr */ = {
			isa = PBXGroup;
			children = (
				22ADCB43178D2F9400FFDA32 /* ObjectiveFlickr.h */,
				22ADCB44178D2F9400FFDA32 /* ObjectiveFlickr.m */,
				22ADCB45178D2F9400FFDA32 /* OFUtilities.h */,
				22ADCB46178D2F9400FFDA32 /* OFUtilities.m */,
				22ADCB47178D2F9400FFDA32 /* OFXMLMapper.h */,
				22ADCB48178D2F9400FFDA32 /* OFXMLMapper.m */,
				22ADCADC178D2F8700FFDA32 /* LFWebAPIKit */,
			);
			name = ObjectiveFlickr;
			sourceTree = "<group>";
		};
		22ADCADC178D2F8700FFDA32 /* LFWebAPIKit */ = {
			isa = PBXGroup;
			children = (
				22ADCADD178D2F8700FFDA32 /* LFHTTPRequest.h */,
				22ADCADE178D2F8700FFDA32 /* LFHTTPRequest.m */,
				22ADCADF178D2F8700FFDA32 /* LFSiteReachability.h */,
				22ADCAE0178D2F8700FFDA32 /* LFSiteReachability.m */,
				22ADCAE1178D2F8700FFDA32 /* LFWebAPIKit.h */,
				22ADCAE2178D2F8700FFDA32 /* NSData+LFHTTPFormExtensions.h */,
				22ADCAE3178D2F8700FFDA32 /* NSData+LFHTTPFormExtensions.m */,
			);
			name = LFWebAPIKit;
			path = "objectiveflickr-master/LFWebAPIKit";
			sourceTree = "<group>";
		};
		22ADCB4C178D320B00FFDA32 /* Flickr */ = {
			isa = PBXGroup;
			children = (
				22ADCB4D178D323300FFDA32 /* FlickrManager.h */,
				22ADCB4E178D323300FFDA32 /* FlickrManager.m */,
			);
			name = Flickr;
			sourceTree = "<group>";
		};
		22ADCB50178D41FD00FFDA32 /* Google */ = {
			isa = PBXGroup;
			children = (
				22ADCB51178D4A2F00FFDA32 /* PlacesManager.h */,
				22ADCB52178D4A2F00FFDA32 /* PlacesManager.m */,
			);
			name = Google;
			sourceTree = "<group>";
		};
		22ADCBA7178D596E00FFDA32 /* ASIHTTPRequest */ = {
			isa = PBXGroup;
			children = (
				22ADCBC6178D5AC200FFDA32 /* Reachability.h */,
				22ADCBC4178D5ABB00FFDA32 /* Reachability.m */,
				22ADCBA8178D596E00FFDA32 /* ASIAuthenticationDialog.h */,
				22ADCBA9178D596E00FFDA32 /* ASIAuthenticationDialog.m */,
				22ADCBAA178D596E00FFDA32 /* ASICacheDelegate.h */,
				22ADCBAB178D596E00FFDA32 /* ASIDataCompressor.h */,
				22ADCBAC178D596E00FFDA32 /* ASIDataCompressor.m */,
				22ADCBAD178D596E00FFDA32 /* ASIDataDecompressor.h */,
				22ADCBAE178D596E00FFDA32 /* ASIDataDecompressor.m */,
				22ADCBAF178D596E00FFDA32 /* ASIDownloadCache.h */,
				22ADCBB0178D596E00FFDA32 /* ASIDownloadCache.m */,
				22ADCBB1178D596E00FFDA32 /* ASIFormDataRequest.h */,
				22ADCBB2178D596E00FFDA32 /* ASIFormDataRequest.m */,
				22ADCBB3178D596E00FFDA32 /* ASIHTTPRequest.h */,
				22ADCBB4178D596E00FFDA32 /* ASIHTTPRequest.m */,
				22ADCBB5178D596E00FFDA32 /* ASIHTTPRequestConfig.h */,
				22ADCBB6178D596E00FFDA32 /* ASIHTTPRequestDelegate.h */,
				22ADCBB7178D596E00FFDA32 /* ASIInputStream.h */,
				22ADCBB8178D596E00FFDA32 /* ASIInputStream.m */,
				22ADCBB9178D596E00FFDA32 /* ASINetworkQueue.h */,
				22ADCBBA178D596E00FFDA32 /* ASINetworkQueue.m */,
				22ADCBBB178D596E00FFDA32 /* ASIProgressDelegate.h */,
			);
			path = ASIHTTPRequest;
			sourceTree = "<group>";
		};
		530F547917918D4F004975BF /* views */ = {
			isa = PBXGroup;
			children = (
				530F547A17918D6A004975BF /* AlbumCollectionViewCell.h */,
				530F547B17918D6A004975BF /* AlbumCollectionViewCell.m */,
				530F54801791B0F1004975BF /* PhotosCollectionViewCell.h */,
				530F54811791B0F1004975BF /* PhotosCollectionViewCell.m */,
				530F54871791C01B004975BF /* PhotoView.h */,
				530F54881791C01B004975BF /* PhotoView.m */,
				530F548A1791C02E004975BF /* PhotoView.xib */,
			);
			name = views;
			sourceTree = "<group>";
		};
		530F54831791B5DE004975BF /* cache */ = {
			isa = PBXGroup;
			children = (
				530F54841791B63E004975BF /* ImageCache.h */,
				530F54851791B63E004975BF /* ImageCache.m */,
			);
			name = cache;
			sourceTree = "<group>";
		};
		5343B755179299D3002D3B0A /* images */ = {
			isa = PBXGroup;
			children = (
				5343B75617929B25002D3B0A /* close.png */,
			);
			name = images;
			sourceTree = "<group>";
		};
		534E6249179172B70082BB93 /* Libs */ = {
			isa = PBXGroup;
			children = (
				22ADCADB178D2F6A00FFDA32 /* ObjectiveFlickr */,
				22ADCBA7178D596E00FFDA32 /* ASIHTTPRequest */,
				220F6320178FCD3400D89FF0 /* SBJSON */,
			);
			name = Libs;
			sourceTree = "<group>";
		};
/* End PBXGroup section */

/* Begin PBXNativeTarget section */
		22ADC9A5178D1AA800FFDA32 /* NearPics */ = {
			isa = PBXNativeTarget;
			buildConfigurationList = 22ADC9C9178D1AA800FFDA32 /* Build configuration list for PBXNativeTarget "NearPics" */;
			buildPhases = (
				22ADC9A2178D1AA800FFDA32 /* Sources */,
				22ADC9A3178D1AA800FFDA32 /* Frameworks */,
				22ADC9A4178D1AA800FFDA32 /* Resources */,
			);
			buildRules = (
			);
			dependencies = (
			);
			name = NearPics;
			productName = NearPics;
			productReference = 22ADC9A6178D1AA800FFDA32 /* NearPics.app */;
			productType = "com.apple.product-type.application";
		};
/* End PBXNativeTarget section */

/* Begin PBXProject section */
		22ADC99E178D1AA800FFDA32 /* Project object */ = {
			isa = PBXProject;
			attributes = {
				LastUpgradeCheck = 0460;
				ORGANIZATIONNAME = manuMohan;
			};
			buildConfigurationList = 22ADC9A1178D1AA800FFDA32 /* Build configuration list for PBXProject "NearPics" */;
			compatibilityVersion = "Xcode 3.2";
			developmentRegion = English;
			hasScannedForEncodings = 0;
			knownRegions = (
				en,
				English,
			);
			mainGroup = 22ADC99D178D1AA800FFDA32;
			productRefGroup = 22ADC9A7178D1AA800FFDA32 /* Products */;
			projectDirPath = "";
			projectRoot = "";
			targets = (
				22ADC9A5178D1AA800FFDA32 /* NearPics */,
			);
		};
/* End PBXProject section */

/* Begin PBXResourcesBuildPhase section */
		22ADC9A4178D1AA800FFDA32 /* Resources */ = {
			isa = PBXResourcesBuildPhase;
			buildActionMask = 2147483647;
			files = (
				22ADC9B4178D1AA800FFDA32 /* InfoPlist.strings in Resources */,
				22ADC9BC178D1AA800FFDA32 /* Default.png in Resources */,
				22ADC9BE178D1AA800FFDA32 /* Default@2x.png in Resources */,
				22ADC9C0178D1AA800FFDA32 /* Default-568h@2x.png in Resources */,
				22ADC9C3178D1AA800FFDA32 /* MainStoryboard.storyboard in Resources */,
				530F548B1791C02E004975BF /* PhotoView.xib in Resources */,
				5343B75717929B25002D3B0A /* close.png in Resources */,
			);
			runOnlyForDeploymentPostprocessing = 0;
		};
/* End PBXResourcesBuildPhase section */

/* Begin PBXSourcesBuildPhase section */
		22ADC9A2178D1AA800FFDA32 /* Sources */ = {
			isa = PBXSourcesBuildPhase;
			buildActionMask = 2147483647;
			files = (
				22ADC9B6178D1AA800FFDA32 /* main.m in Sources */,
				22ADC9BA178D1AA800FFDA32 /* AppDelegate.m in Sources */,
				22ADCB49178D306F00FFDA32 /* ObjectiveFlickr.m in Sources */,
				22ADC9C6178D1AA800FFDA32 /* ViewController.m in Sources */,
				220F633A178FCDAD00D89FF0 /* SBJsonParser.m in Sources */,
				220F633B178FCDCE00D89FF0 /* NSObject+SBJson.m in Sources */,
				22ADCB4B178D307900FFDA32 /* OFUtilities.m in Sources */,
				22ADCB4A178D307500FFDA32 /* OFXMLMapper.m in Sources */,
				220F633E178FCDD300D89FF0 /* SBJsonStreamParserAdapter.m in Sources */,
				220F633C178FCDD100D89FF0 /* SBJsonStreamParser.m in Sources */,
				220F633F178FCDD400D89FF0 /* SBJsonStreamParserState.m in Sources */,
				220F633D178FCDD200D89FF0 /* SBJsonStreamParserAccumulator.m in Sources */,
				220F6341178FCDD600D89FF0 /* SBJsonStreamWriterAccumulator.m in Sources */,
				220F6340178FCDD500D89FF0 /* SBJsonStreamWriter.m in Sources */,
				220F6342178FCDD700D89FF0 /* SBJsonStreamWriterState.m in Sources */,
				22ADCB1E178D2F8800FFDA32 /* LFHTTPRequest.m in Sources */,
				220F6343178FCDD800D89FF0 /* SBJsonTokeniser.m in Sources */,
				220F6345178FCDDB00D89FF0 /* SBJsonWriter.m in Sources */,
				220F6344178FCDDA00D89FF0 /* SBJsonUTF8Stream.m in Sources */,
				22ADCB1F178D2F8800FFDA32 /* LFSiteReachability.m in Sources */,
				22ADCB20178D2F8800FFDA32 /* NSData+LFHTTPFormExtensions.m in Sources */,
				22ADCB4F178D323300FFDA32 /* FlickrManager.m in Sources */,
				22ADCB53178D4A2F00FFDA32 /* PlacesManager.m in Sources */,
				22ADCBBC178D596E00FFDA32 /* ASIAuthenticationDialog.m in Sources */,
				22ADCBBD178D596E00FFDA32 /* ASIDataCompressor.m in Sources */,
				22ADCBBE178D596E00FFDA32 /* ASIDataDecompressor.m in Sources */,
				22ADCBBF178D596E00FFDA32 /* ASIDownloadCache.m in Sources */,
				22ADCBC0178D596E00FFDA32 /* ASIFormDataRequest.m in Sources */,
				22ADCBC1178D596E00FFDA32 /* ASIHTTPRequest.m in Sources */,
				22ADCBC2178D596E00FFDA32 /* ASIInputStream.m in Sources */,
				22ADCBC3178D596E00FFDA32 /* ASINetworkQueue.m in Sources */,
				22ADCBC5178D5ABB00FFDA32 /* Reachability.m in Sources */,
				220F631C178FCB7C00D89FF0 /* Photo.m in Sources */,
				220F631F178FCB8800D89FF0 /* Place.m in Sources */,
				220F634A178FDB3D00D89FF0 /* Venue.m in Sources */,
				220F634E178FEC5A00D89FF0 /* Queue.m in Sources */,
				530F547C17918D6A004975BF /* AlbumCollectionViewCell.m in Sources */,
				530F547F1791A84E004975BF /* PhotosViewController.m in Sources */,
				530F54821791B0F1004975BF /* PhotosCollectionViewCell.m in Sources */,
				530F54861791B63E004975BF /* ImageCache.m in Sources */,
				530F54891791C01B004975BF /* PhotoView.m in Sources */,
			);
			runOnlyForDeploymentPostprocessing = 0;
		};
/* End PBXSourcesBuildPhase section */

/* Begin PBXVariantGroup section */
		22ADC9B2178D1AA800FFDA32 /* InfoPlist.strings */ = {
			isa = PBXVariantGroup;
			children = (
				22ADC9B3178D1AA800FFDA32 /* en */,
			);
			name = InfoPlist.strings;
			sourceTree = "<group>";
		};
		22ADC9C1178D1AA800FFDA32 /* MainStoryboard.storyboard */ = {
			isa = PBXVariantGroup;
			children = (
				22ADC9C2178D1AA800FFDA32 /* en */,
			);
			name = MainStoryboard.storyboard;
			sourceTree = "<group>";
		};
/* End PBXVariantGroup section */

/* Begin XCBuildConfiguration section */
		22ADC9C7178D1AA800FFDA32 /* Debug */ = {
			isa = XCBuildConfiguration;
			buildSettings = {
				ALWAYS_SEARCH_USER_PATHS = NO;
				CLANG_CXX_LANGUAGE_STANDARD = "gnu++0x";
				CLANG_CXX_LIBRARY = "libc++";
				CLANG_ENABLE_OBJC_ARC = YES;
				CLANG_WARN_CONSTANT_CONVERSION = YES;
				CLANG_WARN_EMPTY_BODY = YES;
				CLANG_WARN_ENUM_CONVERSION = YES;
				CLANG_WARN_INT_CONVERSION = YES;
				CLANG_WARN__DUPLICATE_METHOD_MATCH = YES;
				"CODE_SIGN_IDENTITY[sdk=iphoneos*]" = "iPhone Developer";
				COPY_PHASE_STRIP = NO;
				GCC_C_LANGUAGE_STANDARD = gnu99;
				GCC_DYNAMIC_NO_PIC = NO;
				GCC_OPTIMIZATION_LEVEL = 0;
				GCC_PREPROCESSOR_DEFINITIONS = (
					"DEBUG=1",
					"$(inherited)",
				);
				GCC_SYMBOLS_PRIVATE_EXTERN = NO;
				GCC_WARN_ABOUT_RETURN_TYPE = YES;
				GCC_WARN_UNINITIALIZED_AUTOS = YES;
				GCC_WARN_UNUSED_VARIABLE = YES;
				IPHONEOS_DEPLOYMENT_TARGET = 6.1;
				ONLY_ACTIVE_ARCH = YES;
				SDKROOT = iphoneos;
			};
			name = Debug;
		};
		22ADC9C8178D1AA800FFDA32 /* Release */ = {
			isa = XCBuildConfiguration;
			buildSettings = {
				ALWAYS_SEARCH_USER_PATHS = NO;
				CLANG_CXX_LANGUAGE_STANDARD = "gnu++0x";
				CLANG_CXX_LIBRARY = "libc++";
				CLANG_ENABLE_OBJC_ARC = YES;
				CLANG_WARN_CONSTANT_CONVERSION = YES;
				CLANG_WARN_EMPTY_BODY = YES;
				CLANG_WARN_ENUM_CONVERSION = YES;
				CLANG_WARN_INT_CONVERSION = YES;
				CLANG_WARN__DUPLICATE_METHOD_MATCH = YES;
				"CODE_SIGN_IDENTITY[sdk=iphoneos*]" = "iPhone Developer";
				COPY_PHASE_STRIP = YES;
				GCC_C_LANGUAGE_STANDARD = gnu99;
				GCC_WARN_ABOUT_RETURN_TYPE = YES;
				GCC_WARN_UNINITIALIZED_AUTOS = YES;
				GCC_WARN_UNUSED_VARIABLE = YES;
				IPHONEOS_DEPLOYMENT_TARGET = 6.1;
				OTHER_CFLAGS = "-DNS_BLOCK_ASSERTIONS=1";
				SDKROOT = iphoneos;
				VALIDATE_PRODUCT = YES;
			};
			name = Release;
		};
		22ADC9CA178D1AA800FFDA32 /* Debug */ = {
			isa = XCBuildConfiguration;
			buildSettings = {
				GCC_PRECOMPILE_PREFIX_HEADER = YES;
				GCC_PREFIX_HEADER = "NearPics/NearPics-Prefix.pch";
				HEADER_SEARCH_PATHS = (
					"<OF",
					"root>/Source",
					"<OF",
					"root>/LFWebAPIKit",
				);
				INFOPLIST_FILE = "NearPics/NearPics-Info.plist";
				PRODUCT_NAME = "$(TARGET_NAME)";
				WRAPPER_EXTENSION = app;
			};
			name = Debug;
		};
		22ADC9CB178D1AA800FFDA32 /* Release */ = {
			isa = XCBuildConfiguration;
			buildSettings = {
				GCC_PRECOMPILE_PREFIX_HEADER = YES;
				GCC_PREFIX_HEADER = "NearPics/NearPics-Prefix.pch";
				HEADER_SEARCH_PATHS = (
					"<OF",
					"root>/Source",
					"<OF",
					"root>/LFWebAPIKit",
				);
				INFOPLIST_FILE = "NearPics/NearPics-Info.plist";
				PRODUCT_NAME = "$(TARGET_NAME)";
				WRAPPER_EXTENSION = app;
			};
			name = Release;
		};
/* End XCBuildConfiguration section */

/* Begin XCConfigurationList section */
		22ADC9A1178D1AA800FFDA32 /* Build configuration list for PBXProject "NearPics" */ = {
			isa = XCConfigurationList;
			buildConfigurations = (
				22ADC9C7178D1AA800FFDA32 /* Debug */,
				22ADC9C8178D1AA800FFDA32 /* Release */,
			);
			defaultConfigurationIsVisible = 0;
			defaultConfigurationName = Release;
		};
		22ADC9C9178D1AA800FFDA32 /* Build configuration list for PBXNativeTarget "NearPics" */ = {
			isa = XCConfigurationList;
			buildConfigurations = (
				22ADC9CA178D1AA800FFDA32 /* Debug */,
				22ADC9CB178D1AA800FFDA32 /* Release */,
			);
			defaultConfigurationIsVisible = 0;
			defaultConfigurationName = Release;
		};
/* End XCConfigurationList section */
	};
	rootObject = 22ADC99E178D1AA800FFDA32 /* Project object */;
}
